{
  "name": "para fazer deploy",
  "lockfileVersion": 3,
  "requires": true,
  "packages": {
    "": {
      "dependencies": {
        "@djpfs/react-vlibras": "^2.0.2"
      }
    },
    "node_modules/@djpfs/react-vlibras": {
      "version": "2.0.2",
      "resolved": "https://registry.npmjs.org/@djpfs/react-vlibras/-/react-vlibras-2.0.2.tgz",
      "integrity": "sha512-mhfxr1cg8tLdcXBUT5hictbcityoAXFKJz4/boiMGbpsZRCVkqC5EoJVRF+6brrB1GBAoVLCtn1OuzipEopewA==",
      "license": "MIT"
    }
  }
}
